
Microsoft Visual Studio Solution File, Format Version 11.00
# Visual Studio 2010
Project("{FAE04EC0-301F-11D3-BF4B-00C04F79EFBC}") = "Revenge of the Janitor", "Assembly-CSharp.csproj", "{27750B31-941A-07F5-BFC3-E0428F5345F0}"
EndProject
Global
	GlobalSection(SolutionConfigurationPlatforms) = preSolution
		Debug|Any CPU = Debug|Any CPU
		Release|Any CPU = Release|Any CPU
	EndGlobalSection
	GlobalSection(ProjectConfigurationPlatforms) = postSolution
		{27750B31-941A-07F5-BFC3-E0428F5345F0}.Debug|Any CPU.ActiveCfg = Debug|Any CPU
		{27750B31-941A-07F5-BFC3-E0428F5345F0}.Debug|Any CPU.Build.0 = Debug|Any CPU
		{27750B31-941A-07F5-BFC3-E0428F5345F0}.Release|Any CPU.ActiveCfg = Release|Any CPU
		{27750B31-941A-07F5-BFC3-E0428F5345F0}.Release|Any CPU.Build.0 = Release|Any CPU
	EndGlobalSection
	GlobalSection(SolutionProperties) = preSolution
		HideSolutionNode = FALSE
	EndGlobalSection
	GlobalSection(MonoDevelopProperties) = preSolution
		StartupItem = Assembly-CSharp.csproj
	EndGlobalSection
EndGlobal
